
Microsoft Visual Studio Solution File, Format Version 12.00
# Visual Studio Version 17
VisualStudioVersion = 17.0.32002.185
MinimumVisualStudioVersion = 10.0.40219.1
Project("{FAE04EC0-301F-11D3-BF4B-00C04F79EFBC}") = "LandingPage", "LandingPage\LandingPage.csproj", "{409F5927-824A-40D9-9C3C-BFE7097A24FC}"
EndProject
Global
	GlobalSection(SolutionConfigurationPlatforms) = preSolution
		Debug|Any CPU = Debug|Any CPU
		Release|Any CPU = Release|Any CPU
	EndGlobalSection
	GlobalSection(ProjectConfigurationPlatforms) = postSolution
		{409F5927-824A-40D9-9C3C-BFE7097A24FC}.Debug|Any CPU.ActiveCfg = Debug|Any CPU
		{409F5927-824A-40D9-9C3C-BFE7097A24FC}.Debug|Any CPU.Build.0 = Debug|Any CPU
		{409F5927-824A-40D9-9C3C-BFE7097A24FC}.Release|Any CPU.ActiveCfg = Release|Any CPU
		{409F5927-824A-40D9-9C3C-BFE7097A24FC}.Release|Any CPU.Build.0 = Release|Any CPU
	EndGlobalSection
	GlobalSection(SolutionProperties) = preSolution
		HideSolutionNode = FALSE
	EndGlobalSection
	GlobalSection(ExtensibilityGlobals) = postSolution
		SolutionGuid = {040784A4-D6AA-4429-B619-CA16D184F6BC}
	EndGlobalSection
EndGlobal
